
Microsoft Visual Studio Solution File, Format Version 12.00
# Visual Studio 15
VisualStudioVersion = 15.0.34526.175
MinimumVisualStudioVersion = 10.0.40219.1
Project("{FAE04EC0-301F-11D3-BF4B-00C04F79EFBC}") = "AES_Encrypt_Decrypt_Tool", "AES_Encrypt_Decrypt_Tool\AES_Encrypt_Decrypt_Tool.csproj", "{834AD893-524A-416A-90B3-D799450CC270}"
EndProject
Project("{FAE04EC0-301F-11D3-BF4B-00C04F79EFBC}") = "Logger", "Logger\Logger.csproj", "{48341AD2-A159-4A72-9CBB-3ACB84D78F63}"
EndProject
Global
	GlobalSection(SolutionConfigurationPlatforms) = preSolution
		Debug|Any CPU = Debug|Any CPU
		Release|Any CPU = Release|Any CPU
	EndGlobalSection
	GlobalSection(ProjectConfigurationPlatforms) = postSolution
		{834AD893-524A-416A-90B3-D799450CC270}.Debug|Any CPU.ActiveCfg = Debug|Any CPU
		{834AD893-524A-416A-90B3-D799450CC270}.Debug|Any CPU.Build.0 = Debug|Any CPU
		{834AD893-524A-416A-90B3-D799450CC270}.Release|Any CPU.ActiveCfg = Release|Any CPU
		{834AD893-524A-416A-90B3-D799450CC270}.Release|Any CPU.Build.0 = Release|Any CPU
		{48341AD2-A159-4A72-9CBB-3ACB84D78F63}.Debug|Any CPU.ActiveCfg = Debug|Any CPU
		{48341AD2-A159-4A72-9CBB-3ACB84D78F63}.Debug|Any CPU.Build.0 = Debug|Any CPU
		{48341AD2-A159-4A72-9CBB-3ACB84D78F63}.Release|Any CPU.ActiveCfg = Release|Any CPU
		{48341AD2-A159-4A72-9CBB-3ACB84D78F63}.Release|Any CPU.Build.0 = Release|Any CPU
	EndGlobalSection
	GlobalSection(SolutionProperties) = preSolution
		HideSolutionNode = FALSE
	EndGlobalSection
	GlobalSection(ExtensibilityGlobals) = postSolution
		SolutionGuid = {67B17DC9-DB4D-4C4D-AA29-6DEBB786AB0C}
	EndGlobalSection
EndGlobal
